Microsoft Visual Studio Solution File, Format Version 12.00
# Visual Studio 15
VisualStudioVersion = 15.0.26403.7
MinimumVisualStudioVersion = 10.0.40219.1
Project("{FAE04EC0-301F-11D3-BF4B-00C04F79EFBC}") = "PDFSplitter.CLI", "PDFSplitterCLI\PDFSplitter.CLI.csproj", "{C11D42C4-A519-4EE6-8E3A-C229A7CE46C1}"
EndProject
Project("{FAE04EC0-301F-11D3-BF4B-00C04F79EFBC}") = "PDFSplitter.GUI", "PDFSplitterGUI\PDFSplitter.GUI.csproj", "{0C138AE5-A9B1-4272-86BB-34C0856211F3}"
EndProject
Project("{FAE04EC0-301F-11D3-BF4B-00C04F79EFBC}") = "PDFSplitter.Core", "PDFSplitter.Core\PDFSplitter.Core.csproj", "{1DE1DAC8-716B-4DAC-8C74-F0269F16AABE}"
EndProject
Global
	GlobalSection(SolutionConfigurationPlatforms) = preSolution
		Debug|Any CPU = Debug|Any CPU
		Debug|x86 = Debug|x86
		Release|Any CPU = Release|Any CPU
		Release|x86 = Release|x86
	EndGlobalSection
	GlobalSection(ProjectConfigurationPlatforms) = postSolution
		{C11D42C4-A519-4EE6-8E3A-C229A7CE46C1}.Debug|Any CPU.ActiveCfg = Debug|Any CPU
		{C11D42C4-A519-4EE6-8E3A-C229A7CE46C1}.Debug|Any CPU.Build.0 = Debug|Any CPU
		{C11D42C4-A519-4EE6-8E3A-C229A7CE46C1}.Debug|x86.ActiveCfg = Debug|x86
		{C11D42C4-A519-4EE6-8E3A-C229A7CE46C1}.Debug|x86.Build.0 = Debug|x86
		{C11D42C4-A519-4EE6-8E3A-C229A7CE46C1}.Release|Any CPU.ActiveCfg = Release|Any CPU
		{C11D42C4-A519-4EE6-8E3A-C229A7CE46C1}.Release|Any CPU.Build.0 = Release|Any CPU
		{C11D42C4-A519-4EE6-8E3A-C229A7CE46C1}.Release|x86.ActiveCfg = Release|x86
		{C11D42C4-A519-4EE6-8E3A-C229A7CE46C1}.Release|x86.Build.0 = Release|x86
		{0C138AE5-A9B1-4272-86BB-34C0856211F3}.Debug|Any CPU.ActiveCfg = Debug|Any CPU
		{0C138AE5-A9B1-4272-86BB-34C0856211F3}.Debug|Any CPU.Build.0 = Debug|Any CPU
		{0C138AE5-A9B1-4272-86BB-34C0856211F3}.Debug|x86.ActiveCfg = Debug|Any CPU
		{0C138AE5-A9B1-4272-86BB-34C0856211F3}.Debug|x86.Build.0 = Debug|Any CPU
		{0C138AE5-A9B1-4272-86BB-34C0856211F3}.Release|Any CPU.ActiveCfg = Release|Any CPU
		{0C138AE5-A9B1-4272-86BB-34C0856211F3}.Release|Any CPU.Build.0 = Release|Any CPU
		{0C138AE5-A9B1-4272-86BB-34C0856211F3}.Release|x86.ActiveCfg = Release|Any CPU
		{0C138AE5-A9B1-4272-86BB-34C0856211F3}.Release|x86.Build.0 = Release|Any CPU
		{1DE1DAC8-716B-4DAC-8C74-F0269F16AABE}.Debug|Any CPU.ActiveCfg = Debug|Any CPU
		{1DE1DAC8-716B-4DAC-8C74-F0269F16AABE}.Debug|Any CPU.Build.0 = Debug|Any CPU
		{1DE1DAC8-716B-4DAC-8C74-F0269F16AABE}.Debug|x86.ActiveCfg = Debug|Any CPU
		{1DE1DAC8-716B-4DAC-8C74-F0269F16AABE}.Debug|x86.Build.0 = Debug|Any CPU
		{1DE1DAC8-716B-4DAC-8C74-F0269F16AABE}.Release|Any CPU.ActiveCfg = Release|Any CPU
		{1DE1DAC8-716B-4DAC-8C74-F0269F16AABE}.Release|Any CPU.Build.0 = Release|Any CPU
		{1DE1DAC8-716B-4DAC-8C74-F0269F16AABE}.Release|x86.ActiveCfg = Release|Any CPU
		{1DE1DAC8-716B-4DAC-8C74-F0269F16AABE}.Release|x86.Build.0 = Release|Any CPU
	EndGlobalSection
	GlobalSection(SolutionProperties) = preSolution
		HideSolutionNode = FALSE
	EndGlobalSection
EndGlobal
